
Microsoft Visual Studio Solution File, Format Version 12.00
Project("{FAE04EC0-301F-11D3-BF4B-00C04F79EFBC}") = "Laylua", "Laylua\Laylua.csproj", "{E4167422-7D13-4D59-8CE4-276051E56DD2}"
EndProject
Project("{FAE04EC0-301F-11D3-BF4B-00C04F79EFBC}") = "Laylua.Playground", "Laylua.Playground\Laylua.Playground.csproj", "{B51BBE1B-01AA-4C5C-B0C8-CF38FBC00C52}"
EndProject
Project("{FAE04EC0-301F-11D3-BF4B-00C04F79EFBC}") = "Laylua.Tests", "Laylua.Tests\Laylua.Tests.csproj", "{D42CEE37-C10A-4647-AAC6-8B23B67CED46}"
EndProject
Project("{2150E333-8FDC-42A3-9474-1A3956D46DE8}") = "Testing", "Testing", "{5796B815-6B1A-407B-84BF-05FC4A9D66F5}"
EndProject
Global
	GlobalSection(SolutionConfigurationPlatforms) = preSolution
		Debug|Any CPU = Debug|Any CPU
		Release|Any CPU = Release|Any CPU
	EndGlobalSection
	GlobalSection(ProjectConfigurationPlatforms) = postSolution
		{E4167422-7D13-4D59-8CE4-276051E56DD2}.Debug|Any CPU.ActiveCfg = Debug|Any CPU
		{E4167422-7D13-4D59-8CE4-276051E56DD2}.Debug|Any CPU.Build.0 = Debug|Any CPU
		{E4167422-7D13-4D59-8CE4-276051E56DD2}.Release|Any CPU.ActiveCfg = Release|Any CPU
		{E4167422-7D13-4D59-8CE4-276051E56DD2}.Release|Any CPU.Build.0 = Release|Any CPU
		{B51BBE1B-01AA-4C5C-B0C8-CF38FBC00C52}.Debug|Any CPU.ActiveCfg = Debug|Any CPU
		{B51BBE1B-01AA-4C5C-B0C8-CF38FBC00C52}.Debug|Any CPU.Build.0 = Debug|Any CPU
		{B51BBE1B-01AA-4C5C-B0C8-CF38FBC00C52}.Release|Any CPU.ActiveCfg = Release|Any CPU
		{B51BBE1B-01AA-4C5C-B0C8-CF38FBC00C52}.Release|Any CPU.Build.0 = Release|Any CPU
		{D42CEE37-C10A-4647-AAC6-8B23B67CED46}.Debug|Any CPU.ActiveCfg = Debug|Any CPU
		{D42CEE37-C10A-4647-AAC6-8B23B67CED46}.Debug|Any CPU.Build.0 = Debug|Any CPU
		{D42CEE37-C10A-4647-AAC6-8B23B67CED46}.Release|Any CPU.ActiveCfg = Release|Any CPU
		{D42CEE37-C10A-4647-AAC6-8B23B67CED46}.Release|Any CPU.Build.0 = Release|Any CPU
	EndGlobalSection
	GlobalSection(NestedProjects) = preSolution
		{D42CEE37-C10A-4647-AAC6-8B23B67CED46} = {5796B815-6B1A-407B-84BF-05FC4A9D66F5}
		{B51BBE1B-01AA-4C5C-B0C8-CF38FBC00C52} = {5796B815-6B1A-407B-84BF-05FC4A9D66F5}
	EndGlobalSection
EndGlobal
